
Microsoft Visual Studio Solution File, Format Version 12.00
# Visual Studio Version 17
VisualStudioVersion = 17.13.35931.197 d17.13
MinimumVisualStudioVersion = 10.0.40219.1
Project("{FAE04EC0-301F-11D3-BF4B-00C04F79EFBC}") = "ProyectoFinal I", "ProyectoFinal I.csproj", "{24DA93BD-CE9C-49CA-B9BB-44A1EE1246FB}"
EndProject
Global
	GlobalSection(SolutionConfigurationPlatforms) = preSolution
		Debug|Any CPU = Debug|Any CPU
		Release|Any CPU = Release|Any CPU
	EndGlobalSection
	GlobalSection(ProjectConfigurationPlatforms) = postSolution
		{24DA93BD-CE9C-49CA-B9BB-44A1EE1246FB}.Debug|Any CPU.ActiveCfg = Debug|Any CPU
		{24DA93BD-CE9C-49CA-B9BB-44A1EE1246FB}.Debug|Any CPU.Build.0 = Debug|Any CPU
		{24DA93BD-CE9C-49CA-B9BB-44A1EE1246FB}.Release|Any CPU.ActiveCfg = Release|Any CPU
		{24DA93BD-CE9C-49CA-B9BB-44A1EE1246FB}.Release|Any CPU.Build.0 = Release|Any CPU
	EndGlobalSection
	GlobalSection(SolutionProperties) = preSolution
		HideSolutionNode = FALSE
	EndGlobalSection
	GlobalSection(ExtensibilityGlobals) = postSolution
		SolutionGuid = {CAC89E99-B6D6-4454-AE7F-61A1DD0C92A3}
	EndGlobalSection
EndGlobal
